{
  "name": "catkin_why_origin",
  "lockfileVersion": 3,
  "requires": true,
  "packages": {
    "": {
      "dependencies": {
        "reasonix": "^1.31.4"
      }
    },
    "node_modules/@reasonix/cli-darwin-arm64": {
      "version": "1.31.4",
      "resolved": "https://registry.npmjs.org/@reasonix/cli-darwin-arm64/-/cli-darwin-arm64-1.31.4.tgz",
      "integrity": "sha512-WikjE9lAuUbSOPVAcVGvbeFTxb6pytxeeVqGA02jAZpzXcqooEWz9E5pTgWw3PdN2rnQP9Aq9SoUMCCCC4lMww==",
      "cpu": [
        "arm64"
      ],
      "license": "MIT",
      "optional": true,
      "os": [
        "darwin"
      ]
    },
    "node_modules/@reasonix/cli-darwin-x64": {
      "version": "1.31.4",
      "resolved": "https://registry.npmjs.org/@reasonix/cli-darwin-x64/-/cli-darwin-x64-1.31.4.tgz",
      "integrity": "sha512-mcbFAdaspkHiYbXmH0blbXNlL8HtENZZeiYF6WUN7/n6IFnPvxWmE33UcDLyuZfTQ0+VWw/xXozwGEto7g3Hkw==",
      "cpu": [
        "x64"
      ],
      "license": "MIT",
      "optional": true,
      "os": [
        "darwin"
      ]
    },
    "node_modules/@reasonix/cli-linux-arm64": {
      "version": "1.31.4",
      "resolved": "https://registry.npmjs.org/@reasonix/cli-linux-arm64/-/cli-linux-arm64-1.31.4.tgz",
      "integrity": "sha512-5hNktBnVLNjtzEJA+kYLlr815HuL6mmYDX/Shx2oVQDF0wb1Obqx/CrBzpC3OzalX1bki0GosWCYy4ppc1n9PQ==",
      "cpu": [
        "arm64"
      ],
      "license": "MIT",
      "optional": true,
      "os": [
        "linux"
      ]
    },
    "node_modules/@reasonix/cli-linux-x64": {
      "version": "1.31.4",
      "resolved": "https://registry.npmjs.org/@reasonix/cli-linux-x64/-/cli-linux-x64-1.31.4.tgz",
      "integrity": "sha512-1X3Ruh+EI5CITku+LGde2HHHdshnM3zO7lTo6m2iQOF/fjQjMculTuavj9mADX/qtEftWMPRSBSPm7q6ueUhPw==",
      "cpu": [
        "x64"
      ],
      "license": "MIT",
      "optional": true,
      "os": [
        "linux"
      ]
    },
    "node_modules/@reasonix/cli-win32-arm64": {
      "version": "1.31.4",
      "resolved": "https://registry.npmjs.org/@reasonix/cli-win32-arm64/-/cli-win32-arm64-1.31.4.tgz",
      "integrity": "sha512-GXHcGue/X8Ja1D6ZYhs4KyL0i9Mim5eLSBT5vVPKHLO2fl0MfN4YrNbGS8OBkdQMetPlw7P3L9LtRAOnG/+5lA==",
      "cpu": [
        "arm64"
      ],
      "license": "MIT",
      "optional": true,
      "os": [
        "win32"
      ]
    },
    "node_modules/@reasonix/cli-win32-x64": {
      "version": "1.31.4",
      "resolved": "https://registry.npmjs.org/@reasonix/cli-win32-x64/-/cli-win32-x64-1.31.4.tgz",
      "integrity": "sha512-5LUruGhLo8dMV7UiEDoI7HbkjFjEf9G8Vqe6p8XffQKEYDZvLPVl+bwzVbah7XmrkeWgL2qKs1f+aFEYtdVreQ==",
      "cpu": [
        "x64"
      ],
      "license": "MIT",
      "optional": true,
      "os": [
        "win32"
      ]
    },
    "node_modules/reasonix": {
      "version": "1.31.4",
      "resolved": "https://registry.npmjs.org/reasonix/-/reasonix-1.31.4.tgz",
      "integrity": "sha512-2d8l6pdBGIgVK74oIBWx5A7NvhshPyz6gHw5Ly4viSdfEwG7MPG1UiTM5nPD47+O/xQl6f/oDE/6scuQt8OLXQ==",
      "license": "MIT",
      "bin": {
        "reasonix": "bin/reasonix.js"
      },
      "engines": {
        "node": ">=18"
      },
      "optionalDependencies": {
        "@reasonix/cli-darwin-arm64": "1.31.4",
        "@reasonix/cli-darwin-x64": "1.31.4",
        "@reasonix/cli-linux-arm64": "1.31.4",
        "@reasonix/cli-linux-x64": "1.31.4",
        "@reasonix/cli-win32-arm64": "1.31.4",
        "@reasonix/cli-win32-x64": "1.31.4"
      }
    }
  }
}
